
Microsoft Visual Studio Solution File, Format Version 12.00
Project("{FAE04EC0-301F-11D3-BF4B-00C04F79EFBC}") = "DigitalLoppemarkedLib", "DigitalLoppemarkedLib\DigitalLoppemarkedLib.csproj", "{63E121CD-9D10-44B7-B9DD-B81D8ABF61BF}"
EndProject
Project("{FAE04EC0-301F-11D3-BF4B-00C04F79EFBC}") = "DigitalLoppemarkedWeb", "DigitalLoppemarkedWeb\DigitalLoppemarkedWeb.csproj", "{A4363A3C-7A0F-4DE2-B510-05CB950833DE}"
EndProject
Global
	GlobalSection(SolutionConfigurationPlatforms) = preSolution
		Debug|Any CPU = Debug|Any CPU
		Release|Any CPU = Release|Any CPU
	EndGlobalSection
	GlobalSection(ProjectConfigurationPlatforms) = postSolution
		{63E121CD-9D10-44B7-B9DD-B81D8ABF61BF}.Debug|Any CPU.ActiveCfg = Debug|Any CPU
		{63E121CD-9D10-44B7-B9DD-B81D8ABF61BF}.Debug|Any CPU.Build.0 = Debug|Any CPU
		{63E121CD-9D10-44B7-B9DD-B81D8ABF61BF}.Release|Any CPU.ActiveCfg = Release|Any CPU
		{63E121CD-9D10-44B7-B9DD-B81D8ABF61BF}.Release|Any CPU.Build.0 = Release|Any CPU
		{A4363A3C-7A0F-4DE2-B510-05CB950833DE}.Debug|Any CPU.ActiveCfg = Debug|Any CPU
		{A4363A3C-7A0F-4DE2-B510-05CB950833DE}.Debug|Any CPU.Build.0 = Debug|Any CPU
		{A4363A3C-7A0F-4DE2-B510-05CB950833DE}.Release|Any CPU.ActiveCfg = Release|Any CPU
		{A4363A3C-7A0F-4DE2-B510-05CB950833DE}.Release|Any CPU.Build.0 = Release|Any CPU
	EndGlobalSection
EndGlobal
